
Microsoft Visual Studio Solution File, Format Version 12.00
# Visual Studio Version 17
VisualStudioVersion = 17.1.32414.318
MinimumVisualStudioVersion = 10.0.40219.1
Project("{6EC3EE1D-3C4E-46DD-8F32-0CC8E7565705}") = "Setback.Web.Server", "Setback.Web\Server\Setback.Web.Server.fsproj", "{FC1854B9-5B8C-48B7-AC66-E1D77FDEDD0A}"
EndProject
Project("{6EC3EE1D-3C4E-46DD-8F32-0CC8E7565705}") = "Setback.Web.Client", "Setback.Web\Client\src\Setback.Web.Client.fsproj", "{F14076C2-EE40-4AE7-A74C-BC71E0FAFE23}"
EndProject
Project("{6EC3EE1D-3C4E-46DD-8F32-0CC8E7565705}") = "PlayingCards", "PlayingCards\PlayingCards.fsproj", "{29982D75-C984-40CE-B9CB-32A0F5951E43}"
EndProject
Project("{6EC3EE1D-3C4E-46DD-8F32-0CC8E7565705}") = "Setback", "Setback\Setback.fsproj", "{0F182F97-217E-4D9D-97B5-CA5410EA75C3}"
EndProject
Project("{6EC3EE1D-3C4E-46DD-8F32-0CC8E7565705}") = "Setback.Cfrm", "Setback.Cfrm\Setback.Cfrm.fsproj", "{5599E052-B897-4977-8C20-7F79F0E93962}"
EndProject
Global
	GlobalSection(SolutionConfigurationPlatforms) = preSolution
		Debug|Any CPU = Debug|Any CPU
		Debug|x64 = Debug|x64
		Release|Any CPU = Release|Any CPU
		Release|x64 = Release|x64
	EndGlobalSection
	GlobalSection(ProjectConfigurationPlatforms) = postSolution
		{FC1854B9-5B8C-48B7-AC66-E1D77FDEDD0A}.Debug|Any CPU.ActiveCfg = Debug|Any CPU
		{FC1854B9-5B8C-48B7-AC66-E1D77FDEDD0A}.Debug|Any CPU.Build.0 = Debug|Any CPU
		{FC1854B9-5B8C-48B7-AC66-E1D77FDEDD0A}.Debug|x64.ActiveCfg = Debug|Any CPU
		{FC1854B9-5B8C-48B7-AC66-E1D77FDEDD0A}.Debug|x64.Build.0 = Debug|Any CPU
		{FC1854B9-5B8C-48B7-AC66-E1D77FDEDD0A}.Release|Any CPU.ActiveCfg = Release|Any CPU
		{FC1854B9-5B8C-48B7-AC66-E1D77FDEDD0A}.Release|Any CPU.Build.0 = Release|Any CPU
		{FC1854B9-5B8C-48B7-AC66-E1D77FDEDD0A}.Release|x64.ActiveCfg = Release|Any CPU
		{FC1854B9-5B8C-48B7-AC66-E1D77FDEDD0A}.Release|x64.Build.0 = Release|Any CPU
		{F14076C2-EE40-4AE7-A74C-BC71E0FAFE23}.Debug|Any CPU.ActiveCfg = Debug|Any CPU
		{F14076C2-EE40-4AE7-A74C-BC71E0FAFE23}.Debug|Any CPU.Build.0 = Debug|Any CPU
		{F14076C2-EE40-4AE7-A74C-BC71E0FAFE23}.Debug|x64.ActiveCfg = Debug|Any CPU
		{F14076C2-EE40-4AE7-A74C-BC71E0FAFE23}.Debug|x64.Build.0 = Debug|Any CPU
		{F14076C2-EE40-4AE7-A74C-BC71E0FAFE23}.Release|Any CPU.ActiveCfg = Release|Any CPU
		{F14076C2-EE40-4AE7-A74C-BC71E0FAFE23}.Release|Any CPU.Build.0 = Release|Any CPU
		{F14076C2-EE40-4AE7-A74C-BC71E0FAFE23}.Release|x64.ActiveCfg = Release|Any CPU
		{F14076C2-EE40-4AE7-A74C-BC71E0FAFE23}.Release|x64.Build.0 = Release|Any CPU
		{29982D75-C984-40CE-B9CB-32A0F5951E43}.Debug|Any CPU.ActiveCfg = Debug|Any CPU
		{29982D75-C984-40CE-B9CB-32A0F5951E43}.Debug|Any CPU.Build.0 = Debug|Any CPU
		{29982D75-C984-40CE-B9CB-32A0F5951E43}.Debug|x64.ActiveCfg = Debug|x64
		{29982D75-C984-40CE-B9CB-32A0F5951E43}.Debug|x64.Build.0 = Debug|x64
		{29982D75-C984-40CE-B9CB-32A0F5951E43}.Release|Any CPU.ActiveCfg = Release|Any CPU
		{29982D75-C984-40CE-B9CB-32A0F5951E43}.Release|Any CPU.Build.0 = Release|Any CPU
		{29982D75-C984-40CE-B9CB-32A0F5951E43}.Release|x64.ActiveCfg = Release|x64
		{29982D75-C984-40CE-B9CB-32A0F5951E43}.Release|x64.Build.0 = Release|x64
		{0F182F97-217E-4D9D-97B5-CA5410EA75C3}.Debug|Any CPU.ActiveCfg = Debug|Any CPU
		{0F182F97-217E-4D9D-97B5-CA5410EA75C3}.Debug|Any CPU.Build.0 = Debug|Any CPU
		{0F182F97-217E-4D9D-97B5-CA5410EA75C3}.Debug|x64.ActiveCfg = Debug|x64
		{0F182F97-217E-4D9D-97B5-CA5410EA75C3}.Debug|x64.Build.0 = Debug|x64
		{0F182F97-217E-4D9D-97B5-CA5410EA75C3}.Release|Any CPU.ActiveCfg = Release|Any CPU
		{0F182F97-217E-4D9D-97B5-CA5410EA75C3}.Release|Any CPU.Build.0 = Release|Any CPU
		{0F182F97-217E-4D9D-97B5-CA5410EA75C3}.Release|x64.ActiveCfg = Release|x64
		{0F182F97-217E-4D9D-97B5-CA5410EA75C3}.Release|x64.Build.0 = Release|x64
		{5599E052-B897-4977-8C20-7F79F0E93962}.Debug|Any CPU.ActiveCfg = Debug|Any CPU
		{5599E052-B897-4977-8C20-7F79F0E93962}.Debug|Any CPU.Build.0 = Debug|Any CPU
		{5599E052-B897-4977-8C20-7F79F0E93962}.Debug|x64.ActiveCfg = Debug|x64
		{5599E052-B897-4977-8C20-7F79F0E93962}.Debug|x64.Build.0 = Debug|x64
		{5599E052-B897-4977-8C20-7F79F0E93962}.Release|Any CPU.ActiveCfg = Release|Any CPU
		{5599E052-B897-4977-8C20-7F79F0E93962}.Release|Any CPU.Build.0 = Release|Any CPU
		{5599E052-B897-4977-8C20-7F79F0E93962}.Release|x64.ActiveCfg = Release|x64
		{5599E052-B897-4977-8C20-7F79F0E93962}.Release|x64.Build.0 = Release|x64
	EndGlobalSection
	GlobalSection(SolutionProperties) = preSolution
		HideSolutionNode = FALSE
	EndGlobalSection
	GlobalSection(ExtensibilityGlobals) = postSolution
		SolutionGuid = {9EE73D21-E85F-4D4C-A854-0168DD3EAED6}
	EndGlobalSection
EndGlobal
